
Microsoft Visual Studio Solution File, Format Version 12.00
# Visual Studio 15
Project("{FAE04EC0-301F-11D3-BF4B-00C04F79EFBC}") = "Assembly-CSharp-firstpass", "Assembly-CSharp-firstpass.csproj", "{F3712420-3DB1-99A4-1AA6-F9C27E8A30E2}"
EndProject
Project("{FAE04EC0-301F-11D3-BF4B-00C04F79EFBC}") = "Meryel.CodeAssist.Editor", "Meryel.CodeAssist.Editor.csproj", "{D6CFE750-7DEB-CDBB-8B20-1B8838184B38}"
EndProject
Project("{FAE04EC0-301F-11D3-BF4B-00C04F79EFBC}") = "Assembly-CSharp", "Assembly-CSharp.csproj", "{4AC33AFB-4436-3393-C64F-4DA23BD32B48}"
EndProject
Global
	GlobalSection(SolutionConfigurationPlatforms) = preSolution
		Debug|Any CPU = Debug|Any CPU
		Release|Any CPU = Release|Any CPU
	EndGlobalSection
	GlobalSection(ProjectConfigurationPlatforms) = postSolution
		{F3712420-3DB1-99A4-1AA6-F9C27E8A30E2}.Debug|Any CPU.ActiveCfg = Debug|Any CPU
		{F3712420-3DB1-99A4-1AA6-F9C27E8A30E2}.Debug|Any CPU.Build.0 = Debug|Any CPU
		{F3712420-3DB1-99A4-1AA6-F9C27E8A30E2}.Release|Any CPU.ActiveCfg = Release|Any CPU
		{F3712420-3DB1-99A4-1AA6-F9C27E8A30E2}.Release|Any CPU.Build.0 = Release|Any CPU
		{D6CFE750-7DEB-CDBB-8B20-1B8838184B38}.Debug|Any CPU.ActiveCfg = Debug|Any CPU
		{D6CFE750-7DEB-CDBB-8B20-1B8838184B38}.Debug|Any CPU.Build.0 = Debug|Any CPU
		{D6CFE750-7DEB-CDBB-8B20-1B8838184B38}.Release|Any CPU.ActiveCfg = Release|Any CPU
		{D6CFE750-7DEB-CDBB-8B20-1B8838184B38}.Release|Any CPU.Build.0 = Release|Any CPU
		{4AC33AFB-4436-3393-C64F-4DA23BD32B48}.Debug|Any CPU.ActiveCfg = Debug|Any CPU
		{4AC33AFB-4436-3393-C64F-4DA23BD32B48}.Debug|Any CPU.Build.0 = Debug|Any CPU
		{4AC33AFB-4436-3393-C64F-4DA23BD32B48}.Release|Any CPU.ActiveCfg = Release|Any CPU
		{4AC33AFB-4436-3393-C64F-4DA23BD32B48}.Release|Any CPU.Build.0 = Release|Any CPU
	EndGlobalSection
	GlobalSection(SolutionProperties) = preSolution
		HideSolutionNode = FALSE
	EndGlobalSection
EndGlobal
